// !$*UTF8*$!
{
	archiveVersion = 1;
	classes = {
	};
	objectVersion = 51;
	objects = {

/* Begin PBXBuildFile section */
		0776AFCD2F1A5B6172D0A3D5 /* Pods_wineTests.framework in Frameworks */ = {isa = PBXBuildFile; fileRef = C1B9E79AE8B78AF365F1D9A2 /* Pods_wineTests.framework */; };
		210B90F2466F394CECCE373A /* Pods_wine_wineUITests.framework in Frameworks */ = {isa = PBXBuildFile; fileRef = A411808A20592D3B24EFB809 /* Pods_wine_wineUITests.framework */; };
		2646D14025A3351E0046FA93 /* WebViewController.swift in Sources */ = {isa = PBXBuildFile; fileRef = 2646D13F25A3351E0046FA93 /* WebViewController.swift */; };
		264ADB0F259DEB9800A23C7A /* WineMapController.swift in Sources */ = {isa = PBXBuildFile; fileRef = 264ADB0E259DEB9800A23C7A /* WineMapController.swift */; };
		269DD0B1259A16370001D102 /* AppDelegate.swift in Sources */ = {isa = PBXBuildFile; fileRef = 269DD0B0259A16370001D102 /* AppDelegate.swift */; };
		269DD0B3259A16370001D102 /* SceneDelegate.swift in Sources */ = {isa = PBXBuildFile; fileRef = 269DD0B2259A16370001D102 /* SceneDelegate.swift */; };
		269DD0B5259A16370001D102 /* LoginViewController.swift in Sources */ = {isa = PBXBuildFile; fileRef = 269DD0B4259A16370001D102 /* LoginViewController.swift */; };
		269DD0B8259A16370001D102 /* Main.storyboard in Resources */ = {isa = PBXBuildFile; fileRef = 269DD0B6259A16370001D102 /* Main.storyboard */; };
		269DD0BA259A16390001D102 /* Assets.xcassets in Resources */ = {isa = PBXBuildFile; fileRef = 269DD0B9259A16390001D102 /* Assets.xcassets */; };
		269DD0BD259A16390001D102 /* LaunchScreen.storyboard in Resources */ = {isa = PBXBuildFile; fileRef = 269DD0BB259A16390001D102 /* LaunchScreen.storyboard */; };
		269DD0C8259A16390001D102 /* wineTests.swift in Sources */ = {isa = PBXBuildFile; fileRef = 269DD0C7259A16390001D102 /* wineTests.swift */; };
		269DD0D3259A16390001D102 /* wineUITests.swift in Sources */ = {isa = PBXBuildFile; fileRef = 269DD0D2259A16390001D102 /* wineUITests.swift */; };
		AA09DBF40507F26F445580DF /* Pods_wine.framework in Frameworks */ = {isa = PBXBuildFile; fileRef = F6C2A4C37F64B26CAEC409EE /* Pods_wine.framework */; };
/* End PBXBuildFile section */

/* Begin PBXContainerItemProxy section */
		269DD0C4259A16390001D102 /* PBXContainerItemProxy */ = {
			isa = PBXContainerItemProxy;
			containerPortal = 269DD0A5259A16370001D102 /* Project object */;
			proxyType = 1;
			remoteGlobalIDString = 269DD0AC259A16370001D102;
			remoteInfo = wine;
		};
		269DD0CF259A16390001D102 /* PBXContainerItemProxy */ = {
			isa = PBXContainerItemProxy;
			containerPortal = 269DD0A5259A16370001D102 /* Project object */;
			proxyType = 1;
			remoteGlobalIDString = 269DD0AC259A16370001D102;
			remoteInfo = wine;
		};
/* End PBXContainerItemProxy section */

/* Begin PBXFileReference section */
		0312266C17B5970BAA608426 /* Pods-wine-wineUITests.release.xcconfig */ = {isa = PBXFileReference; includeInIndex = 1; lastKnownFileType = text.xcconfig; name = "Pods-wine-wineUITests.release.xcconfig"; path = "Target Support Files/Pods-wine-wineUITests/Pods-wine-wineUITests.release.xcconfig"; sourceTree = "<group>"; };
		121A94CB3EFF003B6A7EB94D /* Pods-wineTests.release.xcconfig */ = {isa = PBXFileReference; includeInIndex = 1; lastKnownFileType = text.xcconfig; name = "Pods-wineTests.release.xcconfig"; path = "Target Support Files/Pods-wineTests/Pods-wineTests.release.xcconfig"; sourceTree = "<group>"; };
		23F71C20B9680D0D8D95EDC0 /* Pods-wine.release.xcconfig */ = {isa = PBXFileReference; includeInIndex = 1; lastKnownFileType = text.xcconfig; name = "Pods-wine.release.xcconfig"; path = "Target Support Files/Pods-wine/Pods-wine.release.xcconfig"; sourceTree = "<group>"; };
		2646D13F25A3351E0046FA93 /* WebViewController.swift */ = {isa = PBXFileReference; lastKnownFileType = sourcecode.swift; path = WebViewController.swift; sourceTree = "<group>"; };
		264ADB0E259DEB9800A23C7A /* WineMapController.swift */ = {isa = PBXFileReference; lastKnownFileType = sourcecode.swift; path = WineMapController.swift; sourceTree = "<group>"; };
		269DD0AD259A16370001D102 /* wine.app */ = {isa = PBXFileReference; explicitFileType = wrapper.application; includeInIndex = 0; path = wine.app; sourceTree = BUILT_PRODUCTS_DIR; };
		269DD0B0259A16370001D102 /* AppDelegate.swift */ = {isa = PBXFileReference; lastKnownFileType = sourcecode.swift; path = AppDelegate.swift; sourceTree = "<group>"; };
		269DD0B2259A16370001D102 /* SceneDelegate.swift */ = {isa = PBXFileReference; lastKnownFileType = sourcecode.swift; path = SceneDelegate.swift; sourceTree = "<group>"; };
		269DD0B4259A16370001D102 /* LoginViewController.swift */ = {isa = PBXFileReference; lastKnownFileType = sourcecode.swift; path = LoginViewController.swift; sourceTree = "<group>"; };
		269DD0B7259A16370001D102 /* Base */ = {isa = PBXFileReference; lastKnownFileType = file.storyboard; name = Base; path = Base.lproj/Main.storyboard; sourceTree = "<group>"; };
		269DD0B9259A16390001D102 /* Assets.xcassets */ = {isa = PBXFileReference; lastKnownFileType = folder.assetcatalog; path = Assets.xcassets; sourceTree = "<group>"; };
		269DD0BC259A16390001D102 /* Base */ = {isa = PBXFileReference; lastKnownFileType = file.storyboard; name = Base; path = Base.lproj/LaunchScreen.storyboard; sourceTree = "<group>"; };
		269DD0BE259A16390001D102 /* Info.plist */ = {isa = PBXFileReference; lastKnownFileType = text.plist.xml; path = Info.plist; sourceTree = "<group>"; };
		269DD0C3259A16390001D102 /* wineTests.xctest */ = {isa = PBXFileReference; explicitFileType = wrapper.cfbundle; includeInIndex = 0; path = wineTests.xctest; sourceTree = BUILT_PRODUCTS_DIR; };
		269DD0C7259A16390001D102 /* wineTests.swift */ = {isa = PBXFileReference; lastKnownFileType = sourcecode.swift; path = wineTests.swift; sourceTree = "<group>"; };
		269DD0C9259A16390001D102 /* Info.plist */ = {isa = PBXFileReference; lastKnownFileType = text.plist.xml; path = Info.plist; sourceTree = "<group>"; };
		269DD0CE259A16390001D102 /* wineUITests.xctest */ = {isa = PBXFileReference; explicitFileType = wrapper.cfbundle; includeInIndex = 0; path = wineUITests.xctest; sourceTree = BUILT_PRODUCTS_DIR; };
		269DD0D2259A16390001D102 /* wineUITests.swift */ = {isa = PBXFileReference; lastKnownFileType = sourcecode.swift; path = wineUITests.swift; sourceTree = "<group>"; };
		269DD0D4259A16390001D102 /* Info.plist */ = {isa = PBXFileReference; lastKnownFileType = text.plist.xml; path = Info.plist; sourceTree = "<group>"; };
		5958068CC78FD4A3457556CA /* Pods-wine-wineUITests.debug.xcconfig */ = {isa = PBXFileReference; includeInIndex = 1; lastKnownFileType = text.xcconfig; name = "Pods-wine-wineUITests.debug.xcconfig"; path = "Target Support Files/Pods-wine-wineUITests/Pods-wine-wineUITests.debug.xcconfig"; sourceTree = "<group>"; };
		6BE2F733D304BDD2B1B0C7A2 /* Pods-wine.debug.xcconfig */ = {isa = PBXFileReference; includeInIndex = 1; lastKnownFileType = text.xcconfig; name = "Pods-wine.debug.xcconfig"; path = "Target Support Files/Pods-wine/Pods-wine.debug.xcconfig"; sourceTree = "<group>"; };
		9C51FDBCC272099334785C38 /* Pods-wineTests.debug.xcconfig */ = {isa = PBXFileReference; includeInIndex = 1; lastKnownFileType = text.xcconfig; name = "Pods-wineTests.debug.xcconfig"; path = "Target Support Files/Pods-wineTests/Pods-wineTests.debug.xcconfig"; sourceTree = "<group>"; };
		A411808A20592D3B24EFB809 /* Pods_wine_wineUITests.framework */ = {isa = PBXFileReference; explicitFileType = wrapper.framework; includeInIndex = 0; path = Pods_wine_wineUITests.framework; sourceTree = BUILT_PRODUCTS_DIR; };
		C1B9E79AE8B78AF365F1D9A2 /* Pods_wineTests.framework */ = {isa = PBXFileReference; explicitFileType = wrapper.framework; includeInIndex = 0; path = Pods_wineTests.framework; sourceTree = BUILT_PRODUCTS_DIR; };
		F6C2A4C37F64B26CAEC409EE /* Pods_wine.framework */ = {isa = PBXFileReference; explicitFileType = wrapper.framework; includeInIndex = 0; path = Pods_wine.framework; sourceTree = BUILT_PRODUCTS_DIR; };
/* End PBXFileReference section */

/* Begin PBXFrameworksBuildPhase section */
		269DD0AA259A16370001D102 /* Frameworks */ = {
			isa = PBXFrameworksBuildPhase;
			buildActionMask = 2147483647;
			files = (
				AA09DBF40507F26F445580DF /* Pods_wine.framework in Frameworks */,
			);
			runOnlyForDeploymentPostprocessing = 0;
		};
		269DD0C0259A16390001D102 /* Frameworks */ = {
			isa = PBXFrameworksBuildPhase;
			buildActionMask = 2147483647;
			files = (
				0776AFCD2F1A5B6172D0A3D5 /* Pods_wineTests.framework in Frameworks */,
			);
			runOnlyForDeploymentPostprocessing = 0;
		};
		269DD0CB259A16390001D102 /* Frameworks */ = {
			isa = PBXFrameworksBuildPhase;
			buildActionMask = 2147483647;
			files = (
				210B90F2466F394CECCE373A /* Pods_wine_wineUITests.framework in Frameworks */,
			);
			runOnlyForDeploymentPostprocessing = 0;
		};
/* End PBXFrameworksBuildPhase section */

/* Begin PBXGroup section */
		269DD0A4259A16370001D102 = {
			isa = PBXGroup;
			children = (
				269DD0AF259A16370001D102 /* wine */,
				269DD0C6259A16390001D102 /* wineTests */,
				269DD0D1259A16390001D102 /* wineUITests */,
				269DD0AE259A16370001D102 /* Products */,
				668341D0964EB8F6F3AF3C2A /* Pods */,
				83712D4278ECE58F22EC1BAF /* Frameworks */,
			);
			sourceTree = "<group>";
		};
		269DD0AE259A16370001D102 /* Products */ = {
			isa = PBXGroup;
			children = (
				269DD0AD259A16370001D102 /* wine.app */,
				269DD0C3259A16390001D102 /* wineTests.xctest */,
				269DD0CE259A16390001D102 /* wineUITests.xctest */,
			);
			name = Products;
			sourceTree = "<group>";
		};
		269DD0AF259A16370001D102 /* wine */ = {
			isa = PBXGroup;
			children = (
				269DD0B0259A16370001D102 /* AppDelegate.swift */,
				269DD0B2259A16370001D102 /* SceneDelegate.swift */,
				269DD0B4259A16370001D102 /* LoginViewController.swift */,
				264ADB0E259DEB9800A23C7A /* WineMapController.swift */,
				269DD0B6259A16370001D102 /* Main.storyboard */,
				269DD0B9259A16390001D102 /* Assets.xcassets */,
				269DD0BB259A16390001D102 /* LaunchScreen.storyboard */,
				269DD0BE259A16390001D102 /* Info.plist */,
				2646D13F25A3351E0046FA93 /* WebViewController.swift */,
			);
			path = wine;
			sourceTree = "<group>";
		};
		269DD0C6259A16390001D102 /* wineTests */ = {
			isa = PBXGroup;
			children = (
				269DD0C7259A16390001D102 /* wineTests.swift */,
				269DD0C9259A16390001D102 /* Info.plist */,
			);
			path = wineTests;
			sourceTree = "<group>";
		};
		269DD0D1259A16390001D102 /* wineUITests */ = {
			isa = PBXGroup;
			children = (
				269DD0D2259A16390001D102 /* wineUITests.swift */,
				269DD0D4259A16390001D102 /* Info.plist */,
			);
			path = wineUITests;
			sourceTree = "<group>";
		};
		668341D0964EB8F6F3AF3C2A /* Pods */ = {
			isa = PBXGroup;
			children = (
				6BE2F733D304BDD2B1B0C7A2 /* Pods-wine.debug.xcconfig */,
				23F71C20B9680D0D8D95EDC0 /* Pods-wine.release.xcconfig */,
				5958068CC78FD4A3457556CA /* Pods-wine-wineUITests.debug.xcconfig */,
				0312266C17B5970BAA608426 /* Pods-wine-wineUITests.release.xcconfig */,
				9C51FDBCC272099334785C38 /* Pods-wineTests.debug.xcconfig */,
				121A94CB3EFF003B6A7EB94D /* Pods-wineTests.release.xcconfig */,
			);
			path = Pods;
			sourceTree = "<group>";
		};
		83712D4278ECE58F22EC1BAF /* Frameworks */ = {
			isa = PBXGroup;
			children = (
				F6C2A4C37F64B26CAEC409EE /* Pods_wine.framework */,
				A411808A20592D3B24EFB809 /* Pods_wine_wineUITests.framework */,
				C1B9E79AE8B78AF365F1D9A2 /* Pods_wineTests.framework */,
			);
			name = Frameworks;
			sourceTree = "<group>";
		};
/* End PBXGroup section */

/* Begin PBXNativeTarget section */
		269DD0AC259A16370001D102 /* wine */ = {
			isa = PBXNativeTarget;
			buildConfigurationList = 269DD0D7259A16390001D102 /* Build configuration list for PBXNativeTarget "wine" */;
			buildPhases = (
				4C431B9B60DC1F04FC18020E /* [CP] Check Pods Manifest.lock */,
				269DD0A9259A16370001D102 /* Sources */,
				269DD0AA259A16370001D102 /* Frameworks */,
				269DD0AB259A16370001D102 /* Resources */,
				6123B95E5B9F1D2541BBBF41 /* [CP] Embed Pods Frameworks */,
			);
			buildRules = (
			);
			dependencies = (
			);
			name = wine;
			productName = wine;
			productReference = 269DD0AD259A16370001D102 /* wine.app */;
			productType = "com.apple.product-type.application";
		};
		269DD0C2259A16390001D102 /* wineTests */ = {
			isa = PBXNativeTarget;
			buildConfigurationList = 269DD0DA259A16390001D102 /* Build configuration list for PBXNativeTarget "wineTests" */;
			buildPhases = (
				5B25294CFEC4B8499D916A47 /* [CP] Check Pods Manifest.lock */,
				269DD0BF259A16390001D102 /* Sources */,
				269DD0C0259A16390001D102 /* Frameworks */,
				269DD0C1259A16390001D102 /* Resources */,
			);
			buildRules = (
			);
			dependencies = (
				269DD0C5259A16390001D102 /* PBXTargetDependency */,
			);
			name = wineTests;
			productName = wineTests;
			productReference = 269DD0C3259A16390001D102 /* wineTests.xctest */;
			productType = "com.apple.product-type.bundle.unit-test";
		};
		269DD0CD259A16390001D102 /* wineUITests */ = {
			isa = PBXNativeTarget;
			buildConfigurationList = 269DD0DD259A16390001D102 /* Build configuration list for PBXNativeTarget "wineUITests" */;
			buildPhases = (
				279700113C160E793EE19918 /* [CP] Check Pods Manifest.lock */,
				269DD0CA259A16390001D102 /* Sources */,
				269DD0CB259A16390001D102 /* Frameworks */,
				269DD0CC259A16390001D102 /* Resources */,
				0DC4B969E75646276BFBA339 /* [CP] Embed Pods Frameworks */,
			);
			buildRules = (
			);
			dependencies = (
				269DD0D0259A16390001D102 /* PBXTargetDependency */,
			);
			name = wineUITests;
			productName = wineUITests;
			productReference = 269DD0CE259A16390001D102 /* wineUITests.xctest */;
			productType = "com.apple.product-type.bundle.ui-testing";
		};
/* End PBXNativeTarget section */

/* Begin PBXProject section */
		269DD0A5259A16370001D102 /* Project object */ = {
			isa = PBXProject;
			attributes = {
				LastSwiftUpdateCheck = 1230;
				LastUpgradeCheck = 1230;
				TargetAttributes = {
					269DD0AC259A16370001D102 = {
						CreatedOnToolsVersion = 12.3;
					};
					269DD0C2259A16390001D102 = {
						CreatedOnToolsVersion = 12.3;
						TestTargetID = 269DD0AC259A16370001D102;
					};
					269DD0CD259A16390001D102 = {
						CreatedOnToolsVersion = 12.3;
						TestTargetID = 269DD0AC259A16370001D102;
					};
				};
			};
			buildConfigurationList = 269DD0A8259A16370001D102 /* Build configuration list for PBXProject "wine" */;
			compatibilityVersion = "Xcode 9.3";
			developmentRegion = en;
			hasScannedForEncodings = 0;
			knownRegions = (
				en,
				Base,
			);
			mainGroup = 269DD0A4259A16370001D102;
			productRefGroup = 269DD0AE259A16370001D102 /* Products */;
			projectDirPath = "";
			projectRoot = "";
			targets = (
				269DD0AC259A16370001D102 /* wine */,
				269DD0C2259A16390001D102 /* wineTests */,
				269DD0CD259A16390001D102 /* wineUITests */,
			);
		};
/* End PBXProject section */

/* Begin PBXResourcesBuildPhase section */
		269DD0AB259A16370001D102 /* Resources */ = {
			isa = PBXResourcesBuildPhase;
			buildActionMask = 2147483647;
			files = (
				269DD0BD259A16390001D102 /* LaunchScreen.storyboard in Resources */,
				269DD0BA259A16390001D102 /* Assets.xcassets in Resources */,
				269DD0B8259A16370001D102 /* Main.storyboard in Resources */,
			);
			runOnlyForDeploymentPostprocessing = 0;
		};
		269DD0C1259A16390001D102 /* Resources */ = {
			isa = PBXResourcesBuildPhase;
			buildActionMask = 2147483647;
			files = (
			);
			runOnlyForDeploymentPostprocessing = 0;
		};
		269DD0CC259A16390001D102 /* Resources */ = {
			isa = PBXResourcesBuildPhase;
			buildActionMask = 2147483647;
			files = (
			);
			runOnlyForDeploymentPostprocessing = 0;
		};
/* End PBXResourcesBuildPhase section */

/* Begin PBXShellScriptBuildPhase section */
		0DC4B969E75646276BFBA339 /* [CP] Embed Pods Frameworks */ = {
			isa = PBXShellScriptBuildPhase;
			buildActionMask = 2147483647;
			files = (
			);
			inputFileListPaths = (
				"${PODS_ROOT}/Target Support Files/Pods-wine-wineUITests/Pods-wine-wineUITests-frameworks-${CONFIGURATION}-input-files.xcfilelist",
			);
			name = "[CP] Embed Pods Frameworks";
			outputFileListPaths = (
				"${PODS_ROOT}/Target Support Files/Pods-wine-wineUITests/Pods-wine-wineUITests-frameworks-${CONFIGURATION}-output-files.xcfilelist",
			);
			runOnlyForDeploymentPostprocessing = 0;
			shellPath = /bin/sh;
			shellScript = "\"${PODS_ROOT}/Target Support Files/Pods-wine-wineUITests/Pods-wine-wineUITests-frameworks.sh\"\n";
			showEnvVarsInLog = 0;
		};
		279700113C160E793EE19918 /* [CP] Check Pods Manifest.lock */ = {
			isa = PBXShellScriptBuildPhase;
			buildActionMask = 2147483647;
			files = (
			);
			inputFileListPaths = (
			);
			inputPaths = (
				"${PODS_PODFILE_DIR_PATH}/Podfile.lock",
				"${PODS_ROOT}/Manifest.lock",
			);
			name = "[CP] Check Pods Manifest.lock";
			outputFileListPaths = (
			);
			outputPaths = (
				"$(DERIVED_FILE_DIR)/Pods-wine-wineUITests-checkManifestLockResult.txt",
			);
			runOnlyForDeploymentPostprocessing = 0;
			shellPath = /bin/sh;
			shellScript = "diff \"${PODS_PODFILE_DIR_PATH}/Podfile.lock\" \"${PODS_ROOT}/Manifest.lock\" > /dev/null\nif [ $? != 0 ] ; then\n    # print error to STDERR\n    echo \"error: The sandbox is not in sync with the Podfile.lock. Run 'pod install' or update your CocoaPods installation.\" >&2\n    exit 1\nfi\n# This output is used by Xcode 'outputs' to avoid re-running this script phase.\necho \"SUCCESS\" > \"${SCRIPT_OUTPUT_FILE_0}\"\n";
			showEnvVarsInLog = 0;
		};
		4C431B9B60DC1F04FC18020E /* [CP] Check Pods Manifest.lock */ = {
			isa = PBXShellScriptBuildPhase;
			buildActionMask = 2147483647;
			files = (
			);
			inputFileListPaths = (
			);
			inputPaths = (
				"${PODS_PODFILE_DIR_PATH}/Podfile.lock",
				"${PODS_ROOT}/Manifest.lock",
			);
			name = "[CP] Check Pods Manifest.lock";
			outputFileListPaths = (
			);
			outputPaths = (
				"$(DERIVED_FILE_DIR)/Pods-wine-checkManifestLockResult.txt",
			);
			runOnlyForDeploymentPostprocessing = 0;
			shellPath = /bin/sh;
			shellScript = "diff \"${PODS_PODFILE_DIR_PATH}/Podfile.lock\" \"${PODS_ROOT}/Manifest.lock\" > /dev/null\nif [ $? != 0 ] ; then\n    # print error to STDERR\n    echo \"error: The sandbox is not in sync with the Podfile.lock. Run 'pod install' or update your CocoaPods installation.\" >&2\n    exit 1\nfi\n# This output is used by Xcode 'outputs' to avoid re-running this script phase.\necho \"SUCCESS\" > \"${SCRIPT_OUTPUT_FILE_0}\"\n";
			showEnvVarsInLog = 0;
		};
		5B25294CFEC4B8499D916A47 /* [CP] Check Pods Manifest.lock */ = {
			isa = PBXShellScriptBuildPhase;
			buildActionMask = 2147483647;
			files = (
			);
			inputFileListPaths = (
			);
			inputPaths = (
				"${PODS_PODFILE_DIR_PATH}/Podfile.lock",
				"${PODS_ROOT}/Manifest.lock",
			);
			name = "[CP] Check Pods Manifest.lock";
			outputFileListPaths = (
			);
			outputPaths = (
				"$(DERIVED_FILE_DIR)/Pods-wineTests-checkManifestLockResult.txt",
			);
			runOnlyForDeploymentPostprocessing = 0;
			shellPath = /bin/sh;
			shellScript = "diff \"${PODS_PODFILE_DIR_PATH}/Podfile.lock\" \"${PODS_ROOT}/Manifest.lock\" > /dev/null\nif [ $? != 0 ] ; then\n    # print error to STDERR\n    echo \"error: The sandbox is not in sync with the Podfile.lock. Run 'pod install' or update your CocoaPods installation.\" >&2\n    exit 1\nfi\n# This output is used by Xcode 'outputs' to avoid re-running this script phase.\necho \"SUCCESS\" > \"${SCRIPT_OUTPUT_FILE_0}\"\n";
			showEnvVarsInLog = 0;
		};
		6123B95E5B9F1D2541BBBF41 /* [CP] Embed Pods Frameworks */ = {
			isa = PBXShellScriptBuildPhase;
			buildActionMask = 2147483647;
			files = (
			);
			inputFileListPaths = (
				"${PODS_ROOT}/Target Support Files/Pods-wine/Pods-wine-frameworks-${CONFIGURATION}-input-files.xcfilelist",
			);
			name = "[CP] Embed Pods Frameworks";
			outputFileListPaths = (
				"${PODS_ROOT}/Target Support Files/Pods-wine/Pods-wine-frameworks-${CONFIGURATION}-output-files.xcfilelist",
			);
			runOnlyForDeploymentPostprocessing = 0;
			shellPath = /bin/sh;
			shellScript = "\"${PODS_ROOT}/Target Support Files/Pods-wine/Pods-wine-frameworks.sh\"\n";
			showEnvVarsInLog = 0;
		};
/* End PBXShellScriptBuildPhase section */

/* Begin PBXSourcesBuildPhase section */
		269DD0A9259A16370001D102 /* Sources */ = {
			isa = PBXSourcesBuildPhase;
			buildActionMask = 2147483647;
			files = (
				269DD0B5259A16370001D102 /* LoginViewController.swift in Sources */,
				264ADB0F259DEB9800A23C7A /* WineMapController.swift in Sources */,
				269DD0B1259A16370001D102 /* AppDelegate.swift in Sources */,
				2646D14025A3351E0046FA93 /* WebViewController.swift in Sources */,
				269DD0B3259A16370001D102 /* SceneDelegate.swift in Sources */,
			);
			runOnlyForDeploymentPostprocessing = 0;
		};
		269DD0BF259A16390001D102 /* Sources */ = {
			isa = PBXSourcesBuildPhase;
			buildActionMask = 2147483647;
			files = (
				269DD0C8259A16390001D102 /* wineTests.swift in Sources */,
			);
			runOnlyForDeploymentPostprocessing = 0;
		};
		269DD0CA259A16390001D102 /* Sources */ = {
			isa = PBXSourcesBuildPhase;
			buildActionMask = 2147483647;
			files = (
				269DD0D3259A16390001D102 /* wineUITests.swift in Sources */,
			);
			runOnlyForDeploymentPostprocessing = 0;
		};
/* End PBXSourcesBuildPhase section */

/* Begin PBXTargetDependency section */
		269DD0C5259A16390001D102 /* PBXTargetDependency */ = {
			isa = PBXTargetDependency;
			target = 269DD0AC259A16370001D102 /* wine */;
			targetProxy = 269DD0C4259A16390001D102 /* PBXContainerItemProxy */;
		};
		269DD0D0259A16390001D102 /* PBXTargetDependency */ = {
			isa = PBXTargetDependency;
			target = 269DD0AC259A16370001D102 /* wine */;
			targetProxy = 269DD0CF259A16390001D102 /* PBXContainerItemProxy */;
		};
/* End PBXTargetDependency section */

/* Begin PBXVariantGroup section */
		269DD0B6259A16370001D102 /* Main.storyboard */ = {
			isa = PBXVariantGroup;
			children = (
				269DD0B7259A16370001D102 /* Base */,
			);
			name = Main.storyboard;
			sourceTree = "<group>";
		};
		269DD0BB259A16390001D102 /* LaunchScreen.storyboard */ = {
			isa = PBXVariantGroup;
			children = (
				269DD0BC259A16390001D102 /* Base */,
			);
			name = LaunchScreen.storyboard;
			sourceTree = "<group>";
		};
/* End PBXVariantGroup section */

/* Begin XCBuildConfiguration section */
		269DD0D5259A16390001D102 /* Debug */ = {
			isa = XCBuildConfiguration;
			buildSettings = {
				ALWAYS_SEARCH_USER_PATHS = NO;
				CLANG_ANALYZER_NONNULL = YES;
				CLANG_ANALYZER_NUMBER_OBJECT_CONVERSION = YES_AGGRESSIVE;
				CLANG_CXX_LANGUAGE_STANDARD = "gnu++14";
				CLANG_CXX_LIBRARY = "libc++";
				CLANG_ENABLE_MODULES = YES;
				CLANG_ENABLE_OBJC_ARC = YES;
				CLANG_ENABLE_OBJC_WEAK = YES;
				CLANG_WARN_BLOCK_CAPTURE_AUTORELEASING = YES;
				CLANG_WARN_BOOL_CONVERSION = YES;
				CLANG_WARN_COMMA = YES;
				CLANG_WARN_CONSTANT_CONVERSION = YES;
				CLANG_WARN_DEPRECATED_OBJC_IMPLEMENTATIONS = YES;
				CLANG_WARN_DIRECT_OBJC_ISA_USAGE = YES_ERROR;
				CLANG_WARN_DOCUMENTATION_COMMENTS = YES;
				CLANG_WARN_EMPTY_BODY = YES;
				CLANG_WARN_ENUM_CONVERSION = YES;
				CLANG_WARN_INFINITE_RECURSION = YES;
				CLANG_WARN_INT_CONVERSION = YES;
				CLANG_WARN_NON_LITERAL_NULL_CONVERSION = YES;
				CLANG_WARN_OBJC_IMPLICIT_RETAIN_SELF = YES;
				CLANG_WARN_OBJC_LITERAL_CONVERSION = YES;
				CLANG_WARN_OBJC_ROOT_CLASS = YES_ERROR;
				CLANG_WARN_QUOTED_INCLUDE_IN_FRAMEWORK_HEADER = YES;
				CLANG_WARN_RANGE_LOOP_ANALYSIS = YES;
				CLANG_WARN_STRICT_PROTOTYPES = YES;
				CLANG_WARN_SUSPICIOUS_MOVE = YES;
				CLANG_WARN_UNGUARDED_AVAILABILITY = YES_AGGRESSIVE;
				CLANG_WARN_UNREACHABLE_CODE = YES;
				CLANG_WARN__DUPLICATE_METHOD_MATCH = YES;
				COPY_PHASE_STRIP = NO;
				DEBUG_INFORMATION_FORMAT = dwarf;
				ENABLE_STRICT_OBJC_MSGSEND = YES;
				ENABLE_TESTABILITY = YES;
				GCC_C_LANGUAGE_STANDARD = gnu11;
				GCC_DYNAMIC_NO_PIC = NO;
				GCC_NO_COMMON_BLOCKS = YES;
				GCC_OPTIMIZATION_LEVEL = 0;
				GCC_PREPROCESSOR_DEFINITIONS = (
					"DEBUG=1",
					"$(inherited)",
				);
				GCC_WARN_64_TO_32_BIT_CONVERSION = YES;
				GCC_WARN_ABOUT_RETURN_TYPE = YES_ERROR;
				GCC_WARN_UNDECLARED_SELECTOR = YES;
				GCC_WARN_UNINITIALIZED_AUTOS = YES_AGGRESSIVE;
				GCC_WARN_UNUSED_FUNCTION = YES;
				GCC_WARN_UNUSED_VARIABLE = YES;
				IPHONEOS_DEPLOYMENT_TARGET = 14.3;
				MTL_ENABLE_DEBUG_INFO = INCLUDE_SOURCE;
				MTL_FAST_MATH = YES;
				ONLY_ACTIVE_ARCH = YES;
				SDKROOT = iphoneos;
				SWIFT_ACTIVE_COMPILATION_CONDITIONS = DEBUG;
				SWIFT_OPTIMIZATION_LEVEL = "-Onone";
			};
			name = Debug;
		};
		269DD0D6259A16390001D102 /* Release */ = {
			isa = XCBuildConfiguration;
			buildSettings = {
				ALWAYS_SEARCH_USER_PATHS = NO;
				CLANG_ANALYZER_NONNULL = YES;
				CLANG_ANALYZER_NUMBER_OBJECT_CONVERSION = YES_AGGRESSIVE;
				CLANG_CXX_LANGUAGE_STANDARD = "gnu++14";
				CLANG_CXX_LIBRARY = "libc++";
				CLANG_ENABLE_MODULES = YES;
				CLANG_ENABLE_OBJC_ARC = YES;
				CLANG_ENABLE_OBJC_WEAK = YES;
				CLANG_WARN_BLOCK_CAPTURE_AUTORELEASING = YES;
				CLANG_WARN_BOOL_CONVERSION = YES;
				CLANG_WARN_COMMA = YES;
				CLANG_WARN_CONSTANT_CONVERSION = YES;
				CLANG_WARN_DEPRECATED_OBJC_IMPLEMENTATIONS = YES;
				CLANG_WARN_DIRECT_OBJC_ISA_USAGE = YES_ERROR;
				CLANG_WARN_DOCUMENTATION_COMMENTS = YES;
				CLANG_WARN_EMPTY_BODY = YES;
				CLANG_WARN_ENUM_CONVERSION = YES;
				CLANG_WARN_INFINITE_RECURSION = YES;
				CLANG_WARN_INT_CONVERSION = YES;
				CLANG_WARN_NON_LITERAL_NULL_CONVERSION = YES;
				CLANG_WARN_OBJC_IMPLICIT_RETAIN_SELF = YES;
				CLANG_WARN_OBJC_LITERAL_CONVERSION = YES;
				CLANG_WARN_OBJC_ROOT_CLASS = YES_ERROR;
				CLANG_WARN_QUOTED_INCLUDE_IN_FRAMEWORK_HEADER = YES;
				CLANG_WARN_RANGE_LOOP_ANALYSIS = YES;
				CLANG_WARN_STRICT_PROTOTYPES = YES;
				CLANG_WARN_SUSPICIOUS_MOVE = YES;
				CLANG_WARN_UNGUARDED_AVAILABILITY = YES_AGGRESSIVE;
				CLANG_WARN_UNREACHABLE_CODE = YES;
				CLANG_WARN__DUPLICATE_METHOD_MATCH = YES;
				COPY_PHASE_STRIP = NO;
				DEBUG_INFORMATION_FORMAT = "dwarf-with-dsym";
				ENABLE_NS_ASSERTIONS = NO;
				ENABLE_STRICT_OBJC_MSGSEND = YES;
				GCC_C_LANGUAGE_STANDARD = gnu11;
				GCC_NO_COMMON_BLOCKS = YES;
				GCC_WARN_64_TO_32_BIT_CONVERSION = YES;
				GCC_WARN_ABOUT_RETURN_TYPE = YES_ERROR;
				GCC_WARN_UNDECLARED_SELECTOR = YES;
				GCC_WARN_UNINITIALIZED_AUTOS = YES_AGGRESSIVE;
				GCC_WARN_UNUSED_FUNCTION = YES;
				GCC_WARN_UNUSED_VARIABLE = YES;
				IPHONEOS_DEPLOYMENT_TARGET = 14.3;
				MTL_ENABLE_DEBUG_INFO = NO;
				MTL_FAST_MATH = YES;
				SDKROOT = iphoneos;
				SWIFT_COMPILATION_MODE = wholemodule;
				SWIFT_OPTIMIZATION_LEVEL = "-O";
				VALIDATE_PRODUCT = YES;
			};
			name = Release;
		};
		269DD0D8259A16390001D102 /* Debug */ = {
			isa = XCBuildConfiguration;
			baseConfigurationReference = 6BE2F733D304BDD2B1B0C7A2 /* Pods-wine.debug.xcconfig */;
			buildSettings = {
				ASSETCATALOG_COMPILER_APPICON_NAME = AppIcon;
				ASSETCATALOG_COMPILER_GLOBAL_ACCENT_COLOR_NAME = AccentColor;
				CODE_SIGN_STYLE = Automatic;
				DEVELOPMENT_TEAM = GQQUK4US2J;
				INFOPLIST_FILE = wine/Info.plist;
				IPHONEOS_DEPLOYMENT_TARGET = 13.1;
				LD_RUNPATH_SEARCH_PATHS = (
					"$(inherited)",
					"@executable_path/Frameworks",
				);
				PRODUCT_BUNDLE_IDENTIFIER = ncsana.wine;
				PRODUCT_NAME = "$(TARGET_NAME)";
				SWIFT_VERSION = 5.0;
				TARGETED_DEVICE_FAMILY = "1,2";
			};
			name = Debug;
		};
		269DD0D9259A16390001D102 /* Release */ = {
			isa = XCBuildConfiguration;
			baseConfigurationReference = 23F71C20B9680D0D8D95EDC0 /* Pods-wine.release.xcconfig */;
			buildSettings = {
				ASSETCATALOG_COMPILER_APPICON_NAME = AppIcon;
				ASSETCATALOG_COMPILER_GLOBAL_ACCENT_COLOR_NAME = AccentColor;
				CODE_SIGN_STYLE = Automatic;
				DEVELOPMENT_TEAM = GQQUK4US2J;
				INFOPLIST_FILE = wine/Info.plist;
				IPHONEOS_DEPLOYMENT_TARGET = 13.1;
				LD_RUNPATH_SEARCH_PATHS = (
					"$(inherited)",
					"@executable_path/Frameworks",
				);
				PRODUCT_BUNDLE_IDENTIFIER = ncsana.wine;
				PRODUCT_NAME = "$(TARGET_NAME)";
				SWIFT_VERSION = 5.0;
				TARGETED_DEVICE_FAMILY = "1,2";
			};
			name = Release;
		};
		269DD0DB259A16390001D102 /* Debug */ = {
			isa = XCBuildConfiguration;
			baseConfigurationReference = 9C51FDBCC272099334785C38 /* Pods-wineTests.debug.xcconfig */;
			buildSettings = {
				ALWAYS_EMBED_SWIFT_STANDARD_LIBRARIES = YES;
				BUNDLE_LOADER = "$(TEST_HOST)";
				CODE_SIGN_STYLE = Automatic;
				DEVELOPMENT_TEAM = GQQUK4US2J;
				INFOPLIST_FILE = wineTests/Info.plist;
				IPHONEOS_DEPLOYMENT_TARGET = 14.3;
				LD_RUNPATH_SEARCH_PATHS = (
					"$(inherited)",
					"@executable_path/Frameworks",
					"@loader_path/Frameworks",
				);
				PRODUCT_BUNDLE_IDENTIFIER = ncsana.wineTests;
				PRODUCT_NAME = "$(TARGET_NAME)";
				SWIFT_VERSION = 5.0;
				TARGETED_DEVICE_FAMILY = "1,2";
				TEST_HOST = "$(BUILT_PRODUCTS_DIR)/wine.app/wine";
			};
			name = Debug;
		};
		269DD0DC259A16390001D102 /* Release */ = {
			isa = XCBuildConfiguration;
			baseConfigurationReference = 121A94CB3EFF003B6A7EB94D /* Pods-wineTests.release.xcconfig */;
			buildSettings = {
				ALWAYS_EMBED_SWIFT_STANDARD_LIBRARIES = YES;
				BUNDLE_LOADER = "$(TEST_HOST)";
				CODE_SIGN_STYLE = Automatic;
				DEVELOPMENT_TEAM = GQQUK4US2J;
				INFOPLIST_FILE = wineTests/Info.plist;
				IPHONEOS_DEPLOYMENT_TARGET = 14.3;
				LD_RUNPATH_SEARCH_PATHS = (
					"$(inherited)",
					"@executable_path/Frameworks",
					"@loader_path/Frameworks",
				);
				PRODUCT_BUNDLE_IDENTIFIER = ncsana.wineTests;
				PRODUCT_NAME = "$(TARGET_NAME)";
				SWIFT_VERSION = 5.0;
				TARGETED_DEVICE_FAMILY = "1,2";
				TEST_HOST = "$(BUILT_PRODUCTS_DIR)/wine.app/wine";
			};
			name = Release;
		};
		269DD0DE259A16390001D102 /* Debug */ = {
			isa = XCBuildConfiguration;
			baseConfigurationReference = 5958068CC78FD4A3457556CA /* Pods-wine-wineUITests.debug.xcconfig */;
			buildSettings = {
				ALWAYS_EMBED_SWIFT_STANDARD_LIBRARIES = YES;
				CODE_SIGN_STYLE = Automatic;
				DEVELOPMENT_TEAM = GQQUK4US2J;
				INFOPLIST_FILE = wineUITests/Info.plist;
				LD_RUNPATH_SEARCH_PATHS = (
					"$(inherited)",
					"@executable_path/Frameworks",
					"@loader_path/Frameworks",
				);
				PRODUCT_BUNDLE_IDENTIFIER = ncsana.wineUITests;
				PRODUCT_NAME = "$(TARGET_NAME)";
				SWIFT_VERSION = 5.0;
				TARGETED_DEVICE_FAMILY = "1,2";
				TEST_TARGET_NAME = wine;
			};
			name = Debug;
		};
		269DD0DF259A16390001D102 /* Release */ = {
			isa = XCBuildConfiguration;
			baseConfigurationReference = 0312266C17B5970BAA608426 /* Pods-wine-wineUITests.release.xcconfig */;
			buildSettings = {
				ALWAYS_EMBED_SWIFT_STANDARD_LIBRARIES = YES;
				CODE_SIGN_STYLE = Automatic;
				DEVELOPMENT_TEAM = GQQUK4US2J;
				INFOPLIST_FILE = wineUITests/Info.plist;
				LD_RUNPATH_SEARCH_PATHS = (
					"$(inherited)",
					"@executable_path/Frameworks",
					"@loader_path/Frameworks",
				);
				PRODUCT_BUNDLE_IDENTIFIER = ncsana.wineUITests;
				PRODUCT_NAME = "$(TARGET_NAME)";
				SWIFT_VERSION = 5.0;
				TARGETED_DEVICE_FAMILY = "1,2";
				TEST_TARGET_NAME = wine;
			};
			name = Release;
		};
/* End XCBuildConfiguration section */

/* Begin XCConfigurationList section */
		269DD0A8259A16370001D102 /* Build configuration list for PBXProject "wine" */ = {
			isa = XCConfigurationList;
			buildConfigurations = (
				269DD0D5259A16390001D102 /* Debug */,
				269DD0D6259A16390001D102 /* Release */,
			);
			defaultConfigurationIsVisible = 0;
			defaultConfigurationName = Release;
		};
		269DD0D7259A16390001D102 /* Build configuration list for PBXNativeTarget "wine" */ = {
			isa = XCConfigurationList;
			buildConfigurations = (
				269DD0D8259A16390001D102 /* Debug */,
				269DD0D9259A16390001D102 /* Release */,
			);
			defaultConfigurationIsVisible = 0;
			defaultConfigurationName = Release;
		};
		269DD0DA259A16390001D102 /* Build configuration list for PBXNativeTarget "wineTests" */ = {
			isa = XCConfigurationList;
			buildConfigurations = (
				269DD0DB259A16390001D102 /* Debug */,
				269DD0DC259A16390001D102 /* Release */,
			);
			defaultConfigurationIsVisible = 0;
			defaultConfigurationName = Release;
		};
		269DD0DD259A16390001D102 /* Build configuration list for PBXNativeTarget "wineUITests" */ = {
			isa = XCConfigurationList;
			buildConfigurations = (
				269DD0DE259A16390001D102 /* Debug */,
				269DD0DF259A16390001D102 /* Release */,
			);
			defaultConfigurationIsVisible = 0;
			defaultConfigurationName = Release;
		};
/* End XCConfigurationList section */
	};
	rootObject = 269DD0A5259A16370001D102 /* Project object */;
}
